
Microsoft Visual Studio Solution File, Format Version 12.00
# Visual Studio Version 16
VisualStudioVersion = 16.0.30804.86
MinimumVisualStudioVersion = 10.0.40219.1
Project("{9A19103F-16F7-4668-BE54-9A1E7A4F7556}") = "TimeTrackerUI", "TimeTrackerUI\TimeTrackerUI.csproj", "{DE69A037-C5D5-4678-9110-B488C9CE7C11}"
EndProject
Project("{9A19103F-16F7-4668-BE54-9A1E7A4F7556}") = "TimeTrackerLibrary", "TimeTrackerLibrary\TimeTrackerLibrary.csproj", "{B6A2B502-3553-4B77-800E-566FC88FF526}"
EndProject
Project("{00D1A9C2-B5F0-4AF3-8072-F6C62B433612}") = "TimeTrackerDB", "TimeTrackerDB\TimeTrackerDB.sqlproj", "{CD0DCA4B-D733-40D5-8C0A-BF2F4ACCC0C2}"
EndProject
Global
	GlobalSection(SolutionConfigurationPlatforms) = preSolution
		Debug|Any CPU = Debug|Any CPU
		Release|Any CPU = Release|Any CPU
	EndGlobalSection
	GlobalSection(ProjectConfigurationPlatforms) = postSolution
		{DE69A037-C5D5-4678-9110-B488C9CE7C11}.Debug|Any CPU.ActiveCfg = Debug|Any CPU
		{DE69A037-C5D5-4678-9110-B488C9CE7C11}.Debug|Any CPU.Build.0 = Debug|Any CPU
		{DE69A037-C5D5-4678-9110-B488C9CE7C11}.Release|Any CPU.ActiveCfg = Release|Any CPU
		{DE69A037-C5D5-4678-9110-B488C9CE7C11}.Release|Any CPU.Build.0 = Release|Any CPU
		{B6A2B502-3553-4B77-800E-566FC88FF526}.Debug|Any CPU.ActiveCfg = Debug|Any CPU
		{B6A2B502-3553-4B77-800E-566FC88FF526}.Debug|Any CPU.Build.0 = Debug|Any CPU
		{B6A2B502-3553-4B77-800E-566FC88FF526}.Release|Any CPU.ActiveCfg = Release|Any CPU
		{B6A2B502-3553-4B77-800E-566FC88FF526}.Release|Any CPU.Build.0 = Release|Any CPU
		{CD0DCA4B-D733-40D5-8C0A-BF2F4ACCC0C2}.Debug|Any CPU.ActiveCfg = Debug|Any CPU
		{CD0DCA4B-D733-40D5-8C0A-BF2F4ACCC0C2}.Debug|Any CPU.Build.0 = Debug|Any CPU
		{CD0DCA4B-D733-40D5-8C0A-BF2F4ACCC0C2}.Debug|Any CPU.Deploy.0 = Debug|Any CPU
		{CD0DCA4B-D733-40D5-8C0A-BF2F4ACCC0C2}.Release|Any CPU.ActiveCfg = Release|Any CPU
		{CD0DCA4B-D733-40D5-8C0A-BF2F4ACCC0C2}.Release|Any CPU.Build.0 = Release|Any CPU
		{CD0DCA4B-D733-40D5-8C0A-BF2F4ACCC0C2}.Release|Any CPU.Deploy.0 = Release|Any CPU
	EndGlobalSection
	GlobalSection(SolutionProperties) = preSolution
		HideSolutionNode = FALSE
	EndGlobalSection
	GlobalSection(ExtensibilityGlobals) = postSolution
		SolutionGuid = {C349AE25-972C-4ED3-A6BE-6CD76D39AE21}
	EndGlobalSection
EndGlobal
